
Microsoft Visual Studio Solution File, Format Version 12.00
# Visual Studio Version 17
VisualStudioVersion = 17.11.35327.3
MinimumVisualStudioVersion = 10.0.40219.1
Project("{FAE04EC0-301F-11D3-BF4B-00C04F79EFBC}") = "Raju_CapstoneProject", "Raju_CapstoneProject.csproj", "{4D8E4A01-CF01-410F-B61B-260FFFA8157E}"
EndProject
Global
	GlobalSection(SolutionConfigurationPlatforms) = preSolution
		Debug|Any CPU = Debug|Any CPU
		Release|Any CPU = Release|Any CPU
	EndGlobalSection
	GlobalSection(ProjectConfigurationPlatforms) = postSolution
		{4D8E4A01-CF01-410F-B61B-260FFFA8157E}.Debug|Any CPU.ActiveCfg = Debug|Any CPU
		{4D8E4A01-CF01-410F-B61B-260FFFA8157E}.Debug|Any CPU.Build.0 = Debug|Any CPU
		{4D8E4A01-CF01-410F-B61B-260FFFA8157E}.Release|Any CPU.ActiveCfg = Release|Any CPU
		{4D8E4A01-CF01-410F-B61B-260FFFA8157E}.Release|Any CPU.Build.0 = Release|Any CPU
	EndGlobalSection
	GlobalSection(SolutionProperties) = preSolution
		HideSolutionNode = FALSE
	EndGlobalSection
	GlobalSection(ExtensibilityGlobals) = postSolution
		SolutionGuid = {1E8B5A14-1B6D-495E-994E-051280B2DF24}
	EndGlobalSection
EndGlobal
